
Microsoft Visual Studio Solution File, Format Version 12.00
# Visual Studio Version 17
VisualStudioVersion = 17.14.36221.1 d17.14
MinimumVisualStudioVersion = 10.0.40219.1
Project("{FAE04EC0-301F-11D3-BF4B-00C04F79EFBC}") = "SOLID", "SOLID\SOLID.csproj", "{CF2468FA-748D-47F6-880C-42A892E33058}"
EndProject
Global
	GlobalSection(SolutionConfigurationPlatforms) = preSolution
		Debug|Any CPU = Debug|Any CPU
		Release|Any CPU = Release|Any CPU
	EndGlobalSection
	GlobalSection(ProjectConfigurationPlatforms) = postSolution
		{CF2468FA-748D-47F6-880C-42A892E33058}.Debug|Any CPU.ActiveCfg = Debug|Any CPU
		{CF2468FA-748D-47F6-880C-42A892E33058}.Debug|Any CPU.Build.0 = Debug|Any CPU
		{CF2468FA-748D-47F6-880C-42A892E33058}.Release|Any CPU.ActiveCfg = Release|Any CPU
		{CF2468FA-748D-47F6-880C-42A892E33058}.Release|Any CPU.Build.0 = Release|Any CPU
	EndGlobalSection
	GlobalSection(SolutionProperties) = preSolution
		HideSolutionNode = FALSE
	EndGlobalSection
	GlobalSection(ExtensibilityGlobals) = postSolution
		SolutionGuid = {899DFD7E-DF4E-47AE-B1E7-954A7F1B8301}
	EndGlobalSection
EndGlobal
